// !$*UTF8*$!
{
	archiveVersion = 1;
	classes = {
	};
	objectVersion = 50;
	objects = {

/* Begin PBXBuildFile section */
		FE1678BC2603465200E4904B /* Theme.swift in Sources */ = {isa = PBXBuildFile; fileRef = FE1678BB2603465200E4904B /* Theme.swift */; };
		FE1679102603A68F00E4904B /* Delegations.swift in Sources */ = {isa = PBXBuildFile; fileRef = FE16790F2603A68F00E4904B /* Delegations.swift */; };
		FE337A8E25FBD84E00740735 /* AppDelegate.swift in Sources */ = {isa = PBXBuildFile; fileRef = FE337A8D25FBD84E00740735 /* AppDelegate.swift */; };
		FE337A9025FBD84E00740735 /* SceneDelegate.swift in Sources */ = {isa = PBXBuildFile; fileRef = FE337A8F25FBD84E00740735 /* SceneDelegate.swift */; };
		FE337A9225FBD84E00740735 /* MemoryController.swift in Sources */ = {isa = PBXBuildFile; fileRef = FE337A9125FBD84E00740735 /* MemoryController.swift */; };
		FE337A9525FBD84E00740735 /* Main.storyboard in Resources */ = {isa = PBXBuildFile; fileRef = FE337A9325FBD84E00740735 /* Main.storyboard */; };
		FE337A9725FBD84E00740735 /* Assets.xcassets in Resources */ = {isa = PBXBuildFile; fileRef = FE337A9625FBD84E00740735 /* Assets.xcassets */; };
		FE337A9A25FBD84E00740735 /* LaunchScreen.storyboard in Resources */ = {isa = PBXBuildFile; fileRef = FE337A9825FBD84E00740735 /* LaunchScreen.storyboard */; };
		FEBB5BA12600F3190036BC02 /* Card.swift in Sources */ = {isa = PBXBuildFile; fileRef = FEBB5BA02600F3190036BC02 /* Card.swift */; };
		FEBB5BA42600F42A0036BC02 /* ConcentrationGame.swift in Sources */ = {isa = PBXBuildFile; fileRef = FEBB5BA32600F42A0036BC02 /* ConcentrationGame.swift */; };
/* End PBXBuildFile section */

/* Begin PBXFileReference section */
		FE1678BB2603465200E4904B /* Theme.swift */ = {isa = PBXFileReference; lastKnownFileType = sourcecode.swift; path = Theme.swift; sourceTree = "<group>"; };
		FE16790F2603A68F00E4904B /* Delegations.swift */ = {isa = PBXFileReference; lastKnownFileType = sourcecode.swift; path = Delegations.swift; sourceTree = "<group>"; };
		FE337A8A25FBD84E00740735 /* Memory.app */ = {isa = PBXFileReference; explicitFileType = wrapper.application; includeInIndex = 0; path = Memory.app; sourceTree = BUILT_PRODUCTS_DIR; };
		FE337A8D25FBD84E00740735 /* AppDelegate.swift */ = {isa = PBXFileReference; lastKnownFileType = sourcecode.swift; path = AppDelegate.swift; sourceTree = "<group>"; };
		FE337A8F25FBD84E00740735 /* SceneDelegate.swift */ = {isa = PBXFileReference; lastKnownFileType = sourcecode.swift; path = SceneDelegate.swift; sourceTree = "<group>"; };
		FE337A9125FBD84E00740735 /* MemoryController.swift */ = {isa = PBXFileReference; lastKnownFileType = sourcecode.swift; path = MemoryController.swift; sourceTree = "<group>"; };
		FE337A9425FBD84E00740735 /* Base */ = {isa = PBXFileReference; lastKnownFileType = file.storyboard; name = Base; path = Base.lproj/Main.storyboard; sourceTree = "<group>"; };
		FE337A9625FBD84E00740735 /* Assets.xcassets */ = {isa = PBXFileReference; lastKnownFileType = folder.assetcatalog; path = Assets.xcassets; sourceTree = "<group>"; };
		FE337A9925FBD84E00740735 /* Base */ = {isa = PBXFileReference; lastKnownFileType = file.storyboard; name = Base; path = Base.lproj/LaunchScreen.storyboard; sourceTree = "<group>"; };
		FE337A9B25FBD84E00740735 /* Info.plist */ = {isa = PBXFileReference; lastKnownFileType = text.plist.xml; path = Info.plist; sourceTree = "<group>"; };
		FEBB5BA02600F3190036BC02 /* Card.swift */ = {isa = PBXFileReference; lastKnownFileType = sourcecode.swift; path = Card.swift; sourceTree = "<group>"; };
		FEBB5BA32600F42A0036BC02 /* ConcentrationGame.swift */ = {isa = PBXFileReference; lastKnownFileType = sourcecode.swift; path = ConcentrationGame.swift; sourceTree = "<group>"; };
/* End PBXFileReference section */

/* Begin PBXFrameworksBuildPhase section */
		FE337A8725FBD84E00740735 /* Frameworks */ = {
			isa = PBXFrameworksBuildPhase;
			buildActionMask = 2147483647;
			files = (
			);
			runOnlyForDeploymentPostprocessing = 0;
		};
/* End PBXFrameworksBuildPhase section */

/* Begin PBXGroup section */
		FE337A8125FBD84E00740735 = {
			isa = PBXGroup;
			children = (
				FE337A8C25FBD84E00740735 /* FirstProject */,
				FE337A8B25FBD84E00740735 /* Products */,
			);
			sourceTree = "<group>";
		};
		FE337A8B25FBD84E00740735 /* Products */ = {
			isa = PBXGroup;
			children = (
				FE337A8A25FBD84E00740735 /* Memory.app */,
			);
			name = Products;
			sourceTree = "<group>";
		};
		FE337A8C25FBD84E00740735 /* FirstProject */ = {
			isa = PBXGroup;
			children = (
				FE7F569B25FF97C400137AE7 /* Support Files */,
				FE337A9125FBD84E00740735 /* MemoryController.swift */,
				FE337A9325FBD84E00740735 /* Main.storyboard */,
				FEBB5BA02600F3190036BC02 /* Card.swift */,
				FEBB5BA32600F42A0036BC02 /* ConcentrationGame.swift */,
				FE16790F2603A68F00E4904B /* Delegations.swift */,
				FE337A9B25FBD84E00740735 /* Info.plist */,
			);
			path = FirstProject;
			sourceTree = "<group>";
		};
		FE7F569B25FF97C400137AE7 /* Support Files */ = {
			isa = PBXGroup;
			children = (
				FE337A8D25FBD84E00740735 /* AppDelegate.swift */,
				FE337A8F25FBD84E00740735 /* SceneDelegate.swift */,
				FE337A9825FBD84E00740735 /* LaunchScreen.storyboard */,
				FE337A9625FBD84E00740735 /* Assets.xcassets */,
				FE1678BB2603465200E4904B /* Theme.swift */,
			);
			path = "Support Files";
			sourceTree = "<group>";
		};
/* End PBXGroup section */

/* Begin PBXNativeTarget section */
		FE337A8925FBD84E00740735 /* Memory */ = {
			isa = PBXNativeTarget;
			buildConfigurationList = FE337A9E25FBD84E00740735 /* Build configuration list for PBXNativeTarget "Memory" */;
			buildPhases = (
				FE337A8625FBD84E00740735 /* Sources */,
				FE337A8725FBD84E00740735 /* Frameworks */,
				FE337A8825FBD84E00740735 /* Resources */,
			);
			buildRules = (
			);
			dependencies = (
			);
			name = Memory;
			productName = FirstProject;
			productReference = FE337A8A25FBD84E00740735 /* Memory.app */;
			productType = "com.apple.product-type.application";
		};
/* End PBXNativeTarget section */

/* Begin PBXProject section */
		FE337A8225FBD84E00740735 /* Project object */ = {
			isa = PBXProject;
			attributes = {
				LastSwiftUpdateCheck = 1240;
				LastUpgradeCheck = 1240;
				TargetAttributes = {
					FE337A8925FBD84E00740735 = {
						CreatedOnToolsVersion = 12.4;
					};
				};
			};
			buildConfigurationList = FE337A8525FBD84E00740735 /* Build configuration list for PBXProject "Memory" */;
			compatibilityVersion = "Xcode 9.3";
			developmentRegion = en;
			hasScannedForEncodings = 0;
			knownRegions = (
				en,
				Base,
			);
			mainGroup = FE337A8125FBD84E00740735;
			productRefGroup = FE337A8B25FBD84E00740735 /* Products */;
			projectDirPath = "";
			projectRoot = "";
			targets = (
				FE337A8925FBD84E00740735 /* Memory */,
			);
		};
/* End PBXProject section */

/* Begin PBXResourcesBuildPhase section */
		FE337A8825FBD84E00740735 /* Resources */ = {
			isa = PBXResourcesBuildPhase;
			buildActionMask = 2147483647;
			files = (
				FE337A9A25FBD84E00740735 /* LaunchScreen.storyboard in Resources */,
				FE337A9725FBD84E00740735 /* Assets.xcassets in Resources */,
				FE337A9525FBD84E00740735 /* Main.storyboard in Resources */,
			);
			runOnlyForDeploymentPostprocessing = 0;
		};
/* End PBXResourcesBuildPhase section */

/* Begin PBXSourcesBuildPhase section */
		FE337A8625FBD84E00740735 /* Sources */ = {
			isa = PBXSourcesBuildPhase;
			buildActionMask = 2147483647;
			files = (
				FE337A9225FBD84E00740735 /* MemoryController.swift in Sources */,
				FE337A8E25FBD84E00740735 /* AppDelegate.swift in Sources */,
				FE1679102603A68F00E4904B /* Delegations.swift in Sources */,
				FEBB5BA42600F42A0036BC02 /* ConcentrationGame.swift in Sources */,
				FE1678BC2603465200E4904B /* Theme.swift in Sources */,
				FE337A9025FBD84E00740735 /* SceneDelegate.swift in Sources */,
				FEBB5BA12600F3190036BC02 /* Card.swift in Sources */,
			);
			runOnlyForDeploymentPostprocessing = 0;
		};
/* End PBXSourcesBuildPhase section */

/* Begin PBXVariantGroup section */
		FE337A9325FBD84E00740735 /* Main.storyboard */ = {
			isa = PBXVariantGroup;
			children = (
				FE337A9425FBD84E00740735 /* Base */,
			);
			name = Main.storyboard;
			sourceTree = "<group>";
		};
		FE337A9825FBD84E00740735 /* LaunchScreen.storyboard */ = {
			isa = PBXVariantGroup;
			children = (
				FE337A9925FBD84E00740735 /* Base */,
			);
			name = LaunchScreen.storyboard;
			sourceTree = "<group>";
		};
/* End PBXVariantGroup section */

/* Begin XCBuildConfiguration section */
		FE337A9C25FBD84E00740735 /* Debug */ = {
			isa = XCBuildConfiguration;
			buildSettings = {
				ALWAYS_SEARCH_USER_PATHS = NO;
				CLANG_ANALYZER_NONNULL = YES;
				CLANG_ANALYZER_NUMBER_OBJECT_CONVERSION = YES_AGGRESSIVE;
				CLANG_CXX_LANGUAGE_STANDARD = "gnu++14";
				CLANG_CXX_LIBRARY = "libc++";
				CLANG_ENABLE_MODULES = YES;
				CLANG_ENABLE_OBJC_ARC = YES;
				CLANG_ENABLE_OBJC_WEAK = YES;
				CLANG_WARN_BLOCK_CAPTURE_AUTORELEASING = YES;
				CLANG_WARN_BOOL_CONVERSION = YES;
				CLANG_WARN_COMMA = YES;
				CLANG_WARN_CONSTANT_CONVERSION = YES;
				CLANG_WARN_DEPRECATED_OBJC_IMPLEMENTATIONS = YES;
				CLANG_WARN_DIRECT_OBJC_ISA_USAGE = YES_ERROR;
				CLANG_WARN_DOCUMENTATION_COMMENTS = YES;
				CLANG_WARN_EMPTY_BODY = YES;
				CLANG_WARN_ENUM_CONVERSION = YES;
				CLANG_WARN_INFINITE_RECURSION = YES;
				CLANG_WARN_INT_CONVERSION = YES;
				CLANG_WARN_NON_LITERAL_NULL_CONVERSION = YES;
				CLANG_WARN_OBJC_IMPLICIT_RETAIN_SELF = YES;
				CLANG_WARN_OBJC_LITERAL_CONVERSION = YES;
				CLANG_WARN_OBJC_ROOT_CLASS = YES_ERROR;
				CLANG_WARN_QUOTED_INCLUDE_IN_FRAMEWORK_HEADER = YES;
				CLANG_WARN_RANGE_LOOP_ANALYSIS = YES;
				CLANG_WARN_STRICT_PROTOTYPES = YES;
				CLANG_WARN_SUSPICIOUS_MOVE = YES;
				CLANG_WARN_UNGUARDED_AVAILABILITY = YES_AGGRESSIVE;
				CLANG_WARN_UNREACHABLE_CODE = YES;
				CLANG_WARN__DUPLICATE_METHOD_MATCH = YES;
				COPY_PHASE_STRIP = NO;
				DEBUG_INFORMATION_FORMAT = dwarf;
				ENABLE_STRICT_OBJC_MSGSEND = YES;
				ENABLE_TESTABILITY = YES;
				GCC_C_LANGUAGE_STANDARD = gnu11;
				GCC_DYNAMIC_NO_PIC = NO;
				GCC_NO_COMMON_BLOCKS = YES;
				GCC_OPTIMIZATION_LEVEL = 0;
				GCC_PREPROCESSOR_DEFINITIONS = (
					"DEBUG=1",
					"$(inherited)",
				);
				GCC_WARN_64_TO_32_BIT_CONVERSION = YES;
				GCC_WARN_ABOUT_RETURN_TYPE = YES_ERROR;
				GCC_WARN_UNDECLARED_SELECTOR = YES;
				GCC_WARN_UNINITIALIZED_AUTOS = YES_AGGRESSIVE;
				GCC_WARN_UNUSED_FUNCTION = YES;
				GCC_WARN_UNUSED_VARIABLE = YES;
				IPHONEOS_DEPLOYMENT_TARGET = 14.4;
				MTL_ENABLE_DEBUG_INFO = INCLUDE_SOURCE;
				MTL_FAST_MATH = YES;
				ONLY_ACTIVE_ARCH = YES;
				SDKROOT = iphoneos;
				SWIFT_ACTIVE_COMPILATION_CONDITIONS = DEBUG;
				SWIFT_OPTIMIZATION_LEVEL = "-Onone";
			};
			name = Debug;
		};
		FE337A9D25FBD84E00740735 /* Release */ = {
			isa = XCBuildConfiguration;
			buildSettings = {
				ALWAYS_SEARCH_USER_PATHS = NO;
				CLANG_ANALYZER_NONNULL = YES;
				CLANG_ANALYZER_NUMBER_OBJECT_CONVERSION = YES_AGGRESSIVE;
				CLANG_CXX_LANGUAGE_STANDARD = "gnu++14";
				CLANG_CXX_LIBRARY = "libc++";
				CLANG_ENABLE_MODULES = YES;
				CLANG_ENABLE_OBJC_ARC = YES;
				CLANG_ENABLE_OBJC_WEAK = YES;
				CLANG_WARN_BLOCK_CAPTURE_AUTORELEASING = YES;
				CLANG_WARN_BOOL_CONVERSION = YES;
				CLANG_WARN_COMMA = YES;
				CLANG_WARN_CONSTANT_CONVERSION = YES;
				CLANG_WARN_DEPRECATED_OBJC_IMPLEMENTATIONS = YES;
				CLANG_WARN_DIRECT_OBJC_ISA_USAGE = YES_ERROR;
				CLANG_WARN_DOCUMENTATION_COMMENTS = YES;
				CLANG_WARN_EMPTY_BODY = YES;
				CLANG_WARN_ENUM_CONVERSION = YES;
				CLANG_WARN_INFINITE_RECURSION = YES;
				CLANG_WARN_INT_CONVERSION = YES;
				CLANG_WARN_NON_LITERAL_NULL_CONVERSION = YES;
				CLANG_WARN_OBJC_IMPLICIT_RETAIN_SELF = YES;
				CLANG_WARN_OBJC_LITERAL_CONVERSION = YES;
				CLANG_WARN_OBJC_ROOT_CLASS = YES_ERROR;
				CLANG_WARN_QUOTED_INCLUDE_IN_FRAMEWORK_HEADER = YES;
				CLANG_WARN_RANGE_LOOP_ANALYSIS = YES;
				CLANG_WARN_STRICT_PROTOTYPES = YES;
				CLANG_WARN_SUSPICIOUS_MOVE = YES;
				CLANG_WARN_UNGUARDED_AVAILABILITY = YES_AGGRESSIVE;
				CLANG_WARN_UNREACHABLE_CODE = YES;
				CLANG_WARN__DUPLICATE_METHOD_MATCH = YES;
				COPY_PHASE_STRIP = NO;
				DEBUG_INFORMATION_FORMAT = "dwarf-with-dsym";
				ENABLE_NS_ASSERTIONS = NO;
				ENABLE_STRICT_OBJC_MSGSEND = YES;
				GCC_C_LANGUAGE_STANDARD = gnu11;
				GCC_NO_COMMON_BLOCKS = YES;
				GCC_WARN_64_TO_32_BIT_CONVERSION = YES;
				GCC_WARN_ABOUT_RETURN_TYPE = YES_ERROR;
				GCC_WARN_UNDECLARED_SELECTOR = YES;
				GCC_WARN_UNINITIALIZED_AUTOS = YES_AGGRESSIVE;
				GCC_WARN_UNUSED_FUNCTION = YES;
				GCC_WARN_UNUSED_VARIABLE = YES;
				IPHONEOS_DEPLOYMENT_TARGET = 14.4;
				MTL_ENABLE_DEBUG_INFO = NO;
				MTL_FAST_MATH = YES;
				SDKROOT = iphoneos;
				SWIFT_COMPILATION_MODE = wholemodule;
				SWIFT_OPTIMIZATION_LEVEL = "-O";
				VALIDATE_PRODUCT = YES;
			};
			name = Release;
		};
		FE337A9F25FBD84E00740735 /* Debug */ = {
			isa = XCBuildConfiguration;
			buildSettings = {
				ASSETCATALOG_COMPILER_APPICON_NAME = AppIcon;
				ASSETCATALOG_COMPILER_GLOBAL_ACCENT_COLOR_NAME = AccentColor;
				CODE_SIGN_STYLE = Automatic;
				DEVELOPMENT_TEAM = 9LC2YA6X64;
				INFOPLIST_FILE = FirstProject/Info.plist;
				LD_RUNPATH_SEARCH_PATHS = (
					"$(inherited)",
					"@executable_path/Frameworks",
				);
				PRODUCT_BUNDLE_IDENTIFIER = mm.FirstProject;
				PRODUCT_NAME = "$(TARGET_NAME)";
				SWIFT_VERSION = 5.0;
				TARGETED_DEVICE_FAMILY = "1,2";
			};
			name = Debug;
		};
		FE337AA025FBD84E00740735 /* Release */ = {
			isa = XCBuildConfiguration;
			buildSettings = {
				ASSETCATALOG_COMPILER_APPICON_NAME = AppIcon;
				ASSETCATALOG_COMPILER_GLOBAL_ACCENT_COLOR_NAME = AccentColor;
				CODE_SIGN_STYLE = Automatic;
				DEVELOPMENT_TEAM = 9LC2YA6X64;
				INFOPLIST_FILE = FirstProject/Info.plist;
				LD_RUNPATH_SEARCH_PATHS = (
					"$(inherited)",
					"@executable_path/Frameworks",
				);
				PRODUCT_BUNDLE_IDENTIFIER = mm.FirstProject;
				PRODUCT_NAME = "$(TARGET_NAME)";
				SWIFT_VERSION = 5.0;
				TARGETED_DEVICE_FAMILY = "1,2";
			};
			name = Release;
		};
/* End XCBuildConfiguration section */

/* Begin XCConfigurationList section */
		FE337A8525FBD84E00740735 /* Build configuration list for PBXProject "Memory" */ = {
			isa = XCConfigurationList;
			buildConfigurations = (
				FE337A9C25FBD84E00740735 /* Debug */,
				FE337A9D25FBD84E00740735 /* Release */,
			);
			defaultConfigurationIsVisible = 0;
			defaultConfigurationName = Release;
		};
		FE337A9E25FBD84E00740735 /* Build configuration list for PBXNativeTarget "Memory" */ = {
			isa = XCConfigurationList;
			buildConfigurations = (
				FE337A9F25FBD84E00740735 /* Debug */,
				FE337AA025FBD84E00740735 /* Release */,
			);
			defaultConfigurationIsVisible = 0;
			defaultConfigurationName = Release;
		};
/* End XCConfigurationList section */
	};
	rootObject = FE337A8225FBD84E00740735 /* Project object */;
}
